{
    "version": 3,
    "terraform_version": "0.10.2",
    "serial": 3,
    "lineage": "125b6346-e498-4673-8683-81e8dd65124b",
    "modules": [
        {
            "path": [
                "root"
            ],
            "outputs": {
                "Cassandra_DB_User_Password": {
                    "sensitive": false,
                    "type": "list",
                    "value": [
                        "datastax1!"
                    ]
                },
                "DSE_AD_1-0_NODE_EXTERNAL_IP": {
                    "sensitive": false,
                    "type": "list",
                    "value": [
                        "129.213.40.179"
                    ]
                },
                "DSE_Solr_Admin_URL": {
                    "sensitive": false,
                    "type": "list",
                    "value": [
                        "129.213.40.179:8983/solr"
                    ]
                },
                "DataStax_Studio_URL": {
                    "sensitive": false,
                    "type": "list",
                    "value": [
                        "129.213.45.95:9091"
                    ]
                },
                "OpsCenter_URL": {
                    "sensitive": false,
                    "type": "list",
                    "value": [
                        "129.213.45.95:8888"
                    ]
                }
            },
            "resources": {
                "data.oci_core_images.OLImageOCID": {
                    "type": "oci_core_images",
                    "depends_on": [],
                    "primary": {
                        "id": "2017-09-26 06:33:35.6837256 +0000 UTC",
                        "attributes": {
                            "compartment_id": "ocid1.compartment.oc1..aaaaaaaakk5sqjfys5l2a24v5iucppxl5u56sgty6lta75hsv5ef563euhxq",
                            "id": "2017-09-26 06:33:35.6837256 +0000 UTC",
                            "images.#": "3",
                            "images.0.base_image_id": "",
                            "images.0.compartment_id": "",
                            "images.0.create_image_allowed": "true",
                            "images.0.display_name": "Oracle-Linux-7.3-2017.07.17-1",
                            "images.0.id": "ocid1.image.oc1.iad.aaaaaaaaepcqwnjh6namsrn3iljigbqkpr4hubapisrqkzee2icbovd2jzhq",
                            "images.0.instance_id": "",
                            "images.0.operating_system": "Oracle Linux",
                            "images.0.operating_system_version": "7.3",
                            "images.0.state": "AVAILABLE",
                            "images.0.time_created": "2017-09-03 17:31:33.408 +0000 UTC",
                            "images.1.base_image_id": "",
                            "images.1.compartment_id": "",
                            "images.1.create_image_allowed": "true",
                            "images.1.display_name": "Oracle-Linux-7.3-2017.07.17-0",
                            "images.1.id": "ocid1.image.oc1.iad.aaaaaaaah2d5y4jlyi6q5mus4ihabunzdzuiwmuc3pequv27jfkc5eb4ylcq",
                            "images.1.instance_id": "",
                            "images.1.operating_system": "Oracle Linux",
                            "images.1.operating_system_version": "7.3",
                            "images.1.state": "AVAILABLE",
                            "images.1.time_created": "2017-07-17 21:59:33.636 +0000 UTC",
                            "images.2.base_image_id": "",
                            "images.2.compartment_id": "",
                            "images.2.create_image_allowed": "true",
                            "images.2.display_name": "Oracle-Linux-7.3-2017.05.23-0",
                            "images.2.id": "ocid1.image.oc1.iad.aaaaaaaaw5r4ucu2nryrjhmrt33xumsluwfnb5a26hljgfivxfwrhof4akhq",
                            "images.2.instance_id": "",
                            "images.2.operating_system": "Oracle Linux",
                            "images.2.operating_system_version": "7.3",
                            "images.2.state": "AVAILABLE",
                            "images.2.time_created": "2017-05-23 17:44:17.317 +0000 UTC",
                            "operating_system": "Oracle Linux",
                            "operating_system_version": "7.3"
                        },
                        "meta": {},
                        "tainted": false
                    },
                    "deposed": [],
                    "provider": ""
                },
                "data.oci_core_vnic.DSE_Node_0_Vnic": {
                    "type": "oci_core_vnic",
                    "depends_on": [
                        "data.oci_core_vnic_attachments.DSE_Node_0_Vnics"
                    ],
                    "primary": {
                        "id": "ocid1.vnic.oc1.iad.abuwcljszrsaubu7tyjblkj7dvgl6jypvq3t7pjufw5mzpbwcf2ji7szii3q",
                        "attributes": {
                            "availability_domain": "NZrt:US-ASHBURN-AD-1",
                            "compartment_id": "ocid1.compartment.oc1..aaaaaaaakk5sqjfys5l2a24v5iucppxl5u56sgty6lta75hsv5ef563euhxq",
                            "display_name": "vnicdname",
                            "hostname_label": "",
                            "id": "ocid1.vnic.oc1.iad.abuwcljszrsaubu7tyjblkj7dvgl6jypvq3t7pjufw5mzpbwcf2ji7szii3q",
                            "is_primary": "true",
                            "mac_address": "02:00:17:01:DC:CB",
                            "private_ip_address": "10.0.0.8",
                            "public_ip_address": "129.213.40.179",
                            "state": "AVAILABLE",
                            "subnet_id": "ocid1.subnet.oc1.iad.aaaaaaaa66b2p2bf25vk5fcranochjqfigbbfmklptphefiwjg6k2p3ljkfq",
                            "time_created": "2017-09-26 06:42:35.268 +0000 UTC",
                            "vnic_id": "ocid1.vnic.oc1.iad.abuwcljszrsaubu7tyjblkj7dvgl6jypvq3t7pjufw5mzpbwcf2ji7szii3q"
                        },
                        "meta": {},
                        "tainted": false
                    },
                    "deposed": [],
                    "provider": ""
                },
                "data.oci_core_vnic.DSE_OPSC_Vnic": {
                    "type": "oci_core_vnic",
                    "depends_on": [
                        "data.oci_core_vnic_attachments.DSE_OPSC_Vnics"
                    ],
                    "primary": {
                        "id": "ocid1.vnic.oc1.iad.abuwcljsalxxbbpt6qyrwzagdy6dv6fstctszivhrcqg6gshqpngeip3ncrq",
                        "attributes": {
                            "availability_domain": "NZrt:US-ASHBURN-AD-1",
                            "compartment_id": "ocid1.compartment.oc1..aaaaaaaakk5sqjfys5l2a24v5iucppxl5u56sgty6lta75hsv5ef563euhxq",
                            "display_name": "OPSC_AD_1-0",
                            "hostname_label": "",
                            "id": "ocid1.vnic.oc1.iad.abuwcljsalxxbbpt6qyrwzagdy6dv6fstctszivhrcqg6gshqpngeip3ncrq",
                            "is_primary": "true",
                            "mac_address": "02:00:17:01:CC:D7",
                            "private_ip_address": "10.0.0.2",
                            "public_ip_address": "129.213.45.95",
                            "state": "AVAILABLE",
                            "subnet_id": "ocid1.subnet.oc1.iad.aaaaaaaa66b2p2bf25vk5fcranochjqfigbbfmklptphefiwjg6k2p3ljkfq",
                            "time_created": "2017-09-26 06:40:22.35 +0000 UTC",
                            "vnic_id": "ocid1.vnic.oc1.iad.abuwcljsalxxbbpt6qyrwzagdy6dv6fstctszivhrcqg6gshqpngeip3ncrq"
                        },
                        "meta": {},
                        "tainted": false
                    },
                    "deposed": [],
                    "provider": ""
                },
                "data.oci_core_vnic_attachments.DSE_Node_0_Vnics": {
                    "type": "oci_core_vnic_attachments",
                    "depends_on": [
                        "data.oci_identity_availability_domains.ADs",
                        "oci_core_instance.DSE_Node_0"
                    ],
                    "primary": {
                        "id": "2017-09-26 06:44:11.0466141 +0000 UTC",
                        "attributes": {
                            "availability_domain": "NZrt:US-ASHBURN-AD-1",
                            "compartment_id": "ocid1.compartment.oc1..aaaaaaaakk5sqjfys5l2a24v5iucppxl5u56sgty6lta75hsv5ef563euhxq",
                            "id": "2017-09-26 06:44:11.0466141 +0000 UTC",
                            "instance_id": "ocid1.instance.oc1.iad.abuwcljsysid2confrffahmsepewumnnd3es25whd3ahu6duvzyhaix3yopa",
                            "vnic_attachments.#": "1",
                            "vnic_attachments.0.availability_domain": "NZrt:US-ASHBURN-AD-1",
                            "vnic_attachments.0.compartment_id": "ocid1.compartment.oc1..aaaaaaaakk5sqjfys5l2a24v5iucppxl5u56sgty6lta75hsv5ef563euhxq",
                            "vnic_attachments.0.display_name": "",
                            "vnic_attachments.0.id": "ocid1.vnicattachment.oc1.iad.abuwcljsn7ewkjyjtqgo6nl26e2grjx3ntry4s73tavjjgduc55nv35u3oqq",
                            "vnic_attachments.0.instance_id": "ocid1.instance.oc1.iad.abuwcljsysid2confrffahmsepewumnnd3es25whd3ahu6duvzyhaix3yopa",
                            "vnic_attachments.0.state": "ATTACHED",
                            "vnic_attachments.0.subnet_id": "ocid1.subnet.oc1.iad.aaaaaaaa66b2p2bf25vk5fcranochjqfigbbfmklptphefiwjg6k2p3ljkfq",
                            "vnic_attachments.0.time_created": "Tue, 26 Sep 2017 06:42:35 UTC",
                            "vnic_attachments.0.vnic_id": "ocid1.vnic.oc1.iad.abuwcljszrsaubu7tyjblkj7dvgl6jypvq3t7pjufw5mzpbwcf2ji7szii3q"
                        },
                        "meta": {},
                        "tainted": false
                    },
                    "deposed": [],
                    "provider": ""
                },
                "data.oci_core_vnic_attachments.DSE_OPSC_Vnics": {
                    "type": "oci_core_vnic_attachments",
                    "depends_on": [
                        "data.oci_identity_availability_domains.ADs",
                        "oci_core_instance.DSE_OPSC"
                    ],
                    "primary": {
                        "id": "2017-09-26 06:42:07.419832 +0000 UTC",
                        "attributes": {
                            "availability_domain": "NZrt:US-ASHBURN-AD-1",
                            "compartment_id": "ocid1.compartment.oc1..aaaaaaaakk5sqjfys5l2a24v5iucppxl5u56sgty6lta75hsv5ef563euhxq",
                            "id": "2017-09-26 06:42:07.419832 +0000 UTC",
                            "instance_id": "ocid1.instance.oc1.iad.abuwcljshlwglw2wlm3stt36yyacwsunoyw3ynzgppzxfl764oswbt4j2uwq",
                            "vnic_attachments.#": "1",
                            "vnic_attachments.0.availability_domain": "NZrt:US-ASHBURN-AD-1",
                            "vnic_attachments.0.compartment_id": "ocid1.compartment.oc1..aaaaaaaakk5sqjfys5l2a24v5iucppxl5u56sgty6lta75hsv5ef563euhxq",
                            "vnic_attachments.0.display_name": "",
                            "vnic_attachments.0.id": "ocid1.vnicattachment.oc1.iad.abuwcljsuypdbgfpsrttpyxhoxtwfygeoafhoaxbsjapgy5rvmijehctikwq",
                            "vnic_attachments.0.instance_id": "ocid1.instance.oc1.iad.abuwcljshlwglw2wlm3stt36yyacwsunoyw3ynzgppzxfl764oswbt4j2uwq",
                            "vnic_attachments.0.state": "ATTACHED",
                            "vnic_attachments.0.subnet_id": "ocid1.subnet.oc1.iad.aaaaaaaa66b2p2bf25vk5fcranochjqfigbbfmklptphefiwjg6k2p3ljkfq",
                            "vnic_attachments.0.time_created": "Tue, 26 Sep 2017 06:40:22 UTC",
                            "vnic_attachments.0.vnic_id": "ocid1.vnic.oc1.iad.abuwcljsalxxbbpt6qyrwzagdy6dv6fstctszivhrcqg6gshqpngeip3ncrq"
                        },
                        "meta": {},
                        "tainted": false
                    },
                    "deposed": [],
                    "provider": ""
                },
                "data.oci_identity_availability_domains.ADs": {
                    "type": "oci_identity_availability_domains",
                    "depends_on": [],
                    "primary": {
                        "id": "2017-09-26 06:33:35.6798025 +0000 UTC",
                        "attributes": {
                            "availability_domains.#": "3",
                            "availability_domains.0.compartment_id": "ocid1.tenancy.oc1..aaaaaaaaa4jvtf7x54iv54vz77ivqui2nlb7ordznpupnvqbaktl6vkwfhga",
                            "availability_domains.0.name": "NZrt:US-ASHBURN-AD-1",
                            "availability_domains.1.compartment_id": "ocid1.tenancy.oc1..aaaaaaaaa4jvtf7x54iv54vz77ivqui2nlb7ordznpupnvqbaktl6vkwfhga",
                            "availability_domains.1.name": "NZrt:US-ASHBURN-AD-2",
                            "availability_domains.2.compartment_id": "ocid1.tenancy.oc1..aaaaaaaaa4jvtf7x54iv54vz77ivqui2nlb7ordznpupnvqbaktl6vkwfhga",
                            "availability_domains.2.name": "NZrt:US-ASHBURN-AD-3",
                            "compartment_id": "ocid1.tenancy.oc1..aaaaaaaaa4jvtf7x54iv54vz77ivqui2nlb7ordznpupnvqbaktl6vkwfhga",
                            "id": "2017-09-26 06:33:35.6798025 +0000 UTC"
                        },
                        "meta": {},
                        "tainted": false
                    },
                    "deposed": [],
                    "provider": ""
                },
                "oci_core_instance.DSE_Node_0": {
                    "type": "oci_core_instance",
                    "depends_on": [
                        "data.oci_core_images.OLImageOCID",
                        "data.oci_core_vnic.DSE_OPSC_Vnic",
                        "data.oci_identity_availability_domains.ADs",
                        "oci_core_instance.DSE_OPSC",
                        "oci_core_subnet.DataStax_PublicSubnet_AD"
                    ],
                    "primary": {
                        "id": "ocid1.instance.oc1.iad.abuwcljsysid2confrffahmsepewumnnd3es25whd3ahu6duvzyhaix3yopa",
                        "attributes": {
                            "availability_domain": "NZrt:US-ASHBURN-AD-1",
                            "compartment_id": "ocid1.compartment.oc1..aaaaaaaakk5sqjfys5l2a24v5iucppxl5u56sgty6lta75hsv5ef563euhxq",
                            "create_vnic_details.%": "4",
                            "create_vnic_details.assign_public_ip": "1",
                            "create_vnic_details.display_name": "vnicdname",
                            "create_vnic_details.private_ip": "10.0.0.8",
                            "create_vnic_details.subnet_id": "ocid1.subnet.oc1.iad.aaaaaaaa66b2p2bf25vk5fcranochjqfigbbfmklptphefiwjg6k2p3ljkfq",
                            "display_name": "DSE_AD_1-0",
                            "id": "ocid1.instance.oc1.iad.abuwcljsysid2confrffahmsepewumnnd3es25whd3ahu6duvzyhaix3yopa",
                            "image": "ocid1.image.oc1.iad.aaaaaaaaepcqwnjh6namsrn3iljigbqkpr4hubapisrqkzee2icbovd2jzhq",
                            "ipxe_script": "",
                            "metadata.%": "2",
                            "metadata.ssh_authorized_keys": "ssh-rsa AAAAB3NzaC1yc2EAAAABJQAAAQEAtybP5Ud490SHPp/JORglAwD682F6t+0ry4Kn2lakGXt7dnepdjlj4FtO4YMd9HBl8WJ5fz4xL1NjUBt/9qpIGnPBLLByU0T7jeh5R6NblcrEYDOgX0eh4mCZxs1f5ldOXuLWUuExsSv3XewarBtWkZqnatS1XIj7flJa6Vv+OkMiFprAt7bw9p4aKH4X/zlv9gf6+Xw38DyPIMN73/pCA9OBkp1Mwzk64u5NpwzivW8FD2KFvuzTtj+YPPstZFEA1XKT25xWK5E5rl3LeZ7gAhowaXQ9ajLNkQF9BFONsyNzdFd+qn0elG5ORDH24yqYlpxmR8uEi+YrRAgqLWF+0w== rsa-key-20170925",
                            "metadata.user_data": "IyEvdXNyL2Jpbi9lbnYgYmFzaAoKY2Qgfm9wYwoKY3VybCBodHRwczovL3Jhdy5naXRodWJ1c2VyY29udGVudC5jb20vc3lzZ2Fpbi9vY2ktdGVycmFmb3JtLXRlbXBsYXRlcy9kYXRhc3RheC1jdXN0b20vdXNlcmRhdGEvbGNtX25vZGUuc2ggPiBsY21fbm9kZS5zaAoKY2htb2QgK3ggbGNtX25vZGUuc2gKCgouL2xjbV9ub2RlLnNoIDEwLjAuMC4yIEp1bXBTdGFydCB1cy1hc2hidXJuLTEgMyBkYXRhc3RheDEhCg==",
                            "private_ip": "10.0.0.8",
                            "public_ip": "129.213.40.179",
                            "region": "iad",
                            "shape": "VM.DenseIO1.8",
                            "state": "RUNNING",
                            "subnet_id": "ocid1.subnet.oc1.iad.aaaaaaaa66b2p2bf25vk5fcranochjqfigbbfmklptphefiwjg6k2p3ljkfq",
                            "time_created": "2017-09-26 06:42:08.143 +0000 UTC"
                        },
                        "meta": {
                            "e2bfb730-ecaa-11e6-8f88-34363bc7c4c0": {
                                "create": 7200000000000,
                                "delete": 7200000000000,
                                "update": 7200000000000
                            }
                        },
                        "tainted": false
                    },
                    "deposed": [],
                    "provider": ""
                },
                "oci_core_instance.DSE_Node_1": {
                    "type": "oci_core_instance",
                    "depends_on": [
                        "data.oci_core_images.OLImageOCID",
                        "data.oci_core_vnic.DSE_OPSC_Vnic",
                        "data.oci_identity_availability_domains.ADs",
                        "oci_core_instance.DSE_OPSC",
                        "oci_core_subnet.DataStax_PublicSubnet_AD.1"
                    ],
                    "primary": {
                        "id": "ocid1.instance.oc1.iad.abuwcljrta7rxj25uw3ndg2dplkgtcdgnmyj67pcad2tvgz2324hu5gizcyq",
                        "attributes": {
                            "availability_domain": "NZrt:US-ASHBURN-AD-2",
                            "compartment_id": "ocid1.compartment.oc1..aaaaaaaakk5sqjfys5l2a24v5iucppxl5u56sgty6lta75hsv5ef563euhxq",
                            "display_name": "DSE_AD_2-0",
                            "id": "ocid1.instance.oc1.iad.abuwcljrta7rxj25uw3ndg2dplkgtcdgnmyj67pcad2tvgz2324hu5gizcyq",
                            "image": "ocid1.image.oc1.iad.aaaaaaaaepcqwnjh6namsrn3iljigbqkpr4hubapisrqkzee2icbovd2jzhq",
                            "ipxe_script": "",
                            "metadata.%": "2",
                            "metadata.ssh_authorized_keys": "ssh-rsa AAAAB3NzaC1yc2EAAAABJQAAAQEAtybP5Ud490SHPp/JORglAwD682F6t+0ry4Kn2lakGXt7dnepdjlj4FtO4YMd9HBl8WJ5fz4xL1NjUBt/9qpIGnPBLLByU0T7jeh5R6NblcrEYDOgX0eh4mCZxs1f5ldOXuLWUuExsSv3XewarBtWkZqnatS1XIj7flJa6Vv+OkMiFprAt7bw9p4aKH4X/zlv9gf6+Xw38DyPIMN73/pCA9OBkp1Mwzk64u5NpwzivW8FD2KFvuzTtj+YPPstZFEA1XKT25xWK5E5rl3LeZ7gAhowaXQ9ajLNkQF9BFONsyNzdFd+qn0elG5ORDH24yqYlpxmR8uEi+YrRAgqLWF+0w== rsa-key-20170925",
                            "metadata.user_data": "IyEvdXNyL2Jpbi9lbnYgYmFzaAoKY2Qgfm9wYwoKY3VybCBodHRwczovL3Jhdy5naXRodWJ1c2VyY29udGVudC5jb20vc3lzZ2Fpbi9vY2ktdGVycmFmb3JtLXRlbXBsYXRlcy9kYXRhc3RheC1jdXN0b20vdXNlcmRhdGEvbGNtX25vZGUuc2ggPiBsY21fbm9kZS5zaAoKY2htb2QgK3ggbGNtX25vZGUuc2gKCgouL2xjbV9ub2RlLnNoIDEwLjAuMC4yIEp1bXBTdGFydCB1cy1hc2hidXJuLTEgMyBkYXRhc3RheDEhCg==",
                            "private_ip": "10.0.1.2",
                            "public_ip": "129.213.25.102",
                            "region": "iad",
                            "shape": "VM.DenseIO1.8",
                            "state": "RUNNING",
                            "subnet_id": "ocid1.subnet.oc1.iad.aaaaaaaao32oeavrqmpg2r5qdvqc4opovy4cqcoaeyk2q7puk5qmabrpllga",
                            "time_created": "2017-09-26 06:42:08.802 +0000 UTC"
                        },
                        "meta": {
                            "e2bfb730-ecaa-11e6-8f88-34363bc7c4c0": {
                                "create": 7200000000000,
                                "delete": 7200000000000,
                                "update": 7200000000000
                            }
                        },
                        "tainted": false
                    },
                    "deposed": [],
                    "provider": ""
                },
                "oci_core_instance.DSE_Node_2": {
                    "type": "oci_core_instance",
                    "depends_on": [
                        "data.oci_core_images.OLImageOCID",
                        "data.oci_core_vnic.DSE_OPSC_Vnic",
                        "data.oci_identity_availability_domains.ADs",
                        "oci_core_instance.DSE_OPSC",
                        "oci_core_subnet.DataStax_PublicSubnet_AD.2"
                    ],
                    "primary": {
                        "id": "ocid1.instance.oc1.iad.abuwcljtrgoqw7jhdwmoftovwz24ter7cc74fydp3fuitvwqqfsspamqoadq",
                        "attributes": {
                            "availability_domain": "NZrt:US-ASHBURN-AD-3",
                            "compartment_id": "ocid1.compartment.oc1..aaaaaaaakk5sqjfys5l2a24v5iucppxl5u56sgty6lta75hsv5ef563euhxq",
                            "display_name": "DSE_AD_3-0",
                            "id": "ocid1.instance.oc1.iad.abuwcljtrgoqw7jhdwmoftovwz24ter7cc74fydp3fuitvwqqfsspamqoadq",
                            "image": "ocid1.image.oc1.iad.aaaaaaaaepcqwnjh6namsrn3iljigbqkpr4hubapisrqkzee2icbovd2jzhq",
                            "ipxe_script": "",
                            "metadata.%": "2",
                            "metadata.ssh_authorized_keys": "ssh-rsa AAAAB3NzaC1yc2EAAAABJQAAAQEAtybP5Ud490SHPp/JORglAwD682F6t+0ry4Kn2lakGXt7dnepdjlj4FtO4YMd9HBl8WJ5fz4xL1NjUBt/9qpIGnPBLLByU0T7jeh5R6NblcrEYDOgX0eh4mCZxs1f5ldOXuLWUuExsSv3XewarBtWkZqnatS1XIj7flJa6Vv+OkMiFprAt7bw9p4aKH4X/zlv9gf6+Xw38DyPIMN73/pCA9OBkp1Mwzk64u5NpwzivW8FD2KFvuzTtj+YPPstZFEA1XKT25xWK5E5rl3LeZ7gAhowaXQ9ajLNkQF9BFONsyNzdFd+qn0elG5ORDH24yqYlpxmR8uEi+YrRAgqLWF+0w== rsa-key-20170925",
                            "metadata.user_data": "IyEvdXNyL2Jpbi9lbnYgYmFzaAoKY2Qgfm9wYwoKY3VybCBodHRwczovL3Jhdy5naXRodWJ1c2VyY29udGVudC5jb20vc3lzZ2Fpbi9vY2ktdGVycmFmb3JtLXRlbXBsYXRlcy9kYXRhc3RheC1jdXN0b20vdXNlcmRhdGEvbGNtX25vZGUuc2ggPiBsY21fbm9kZS5zaAoKY2htb2QgK3ggbGNtX25vZGUuc2gKCgouL2xjbV9ub2RlLnNoIDEwLjAuMC4yIEp1bXBTdGFydCB1cy1hc2hidXJuLTEgMyBkYXRhc3RheDEhCg==",
                            "private_ip": "10.0.2.3",
                            "public_ip": "129.213.58.117",
                            "region": "iad",
                            "shape": "VM.DenseIO1.8",
                            "state": "RUNNING",
                            "subnet_id": "ocid1.subnet.oc1.iad.aaaaaaaaivvgyidjthevsqle2z6pfzwd46rk5gib5ncvfdjz35tnkeky73ca",
                            "time_created": "2017-09-26 06:42:08.742 +0000 UTC"
                        },
                        "meta": {
                            "e2bfb730-ecaa-11e6-8f88-34363bc7c4c0": {
                                "create": 7200000000000,
                                "delete": 7200000000000,
                                "update": 7200000000000
                            }
                        },
                        "tainted": false
                    },
                    "deposed": [],
                    "provider": ""
                },
                "oci_core_instance.DSE_OPSC": {
                    "type": "oci_core_instance",
                    "depends_on": [
                        "data.oci_identity_availability_domains.ADs",
                        "oci_core_subnet.DataStax_PublicSubnet_AD"
                    ],
                    "primary": {
                        "id": "ocid1.instance.oc1.iad.abuwcljshlwglw2wlm3stt36yyacwsunoyw3ynzgppzxfl764oswbt4j2uwq",
                        "attributes": {
                            "availability_domain": "NZrt:US-ASHBURN-AD-1",
                            "compartment_id": "ocid1.compartment.oc1..aaaaaaaakk5sqjfys5l2a24v5iucppxl5u56sgty6lta75hsv5ef563euhxq",
                            "display_name": "OPSC_AD_1-0",
                            "id": "ocid1.instance.oc1.iad.abuwcljshlwglw2wlm3stt36yyacwsunoyw3ynzgppzxfl764oswbt4j2uwq",
                            "image": "ocid1.image.oc1.iad.aaaaaaaawom2cuq2d7nwujsrktqgjhumro5fxftz7skz6237ucd5xpu2bdra",
                            "ipxe_script": "",
                            "metadata.%": "2",
                            "metadata.ssh_authorized_keys": "ssh-rsa AAAAB3NzaC1yc2EAAAABJQAAAQEAtybP5Ud490SHPp/JORglAwD682F6t+0ry4Kn2lakGXt7dnepdjlj4FtO4YMd9HBl8WJ5fz4xL1NjUBt/9qpIGnPBLLByU0T7jeh5R6NblcrEYDOgX0eh4mCZxs1f5ldOXuLWUuExsSv3XewarBtWkZqnatS1XIj7flJa6Vv+OkMiFprAt7bw9p4aKH4X/zlv9gf6+Xw38DyPIMN73/pCA9OBkp1Mwzk64u5NpwzivW8FD2KFvuzTtj+YPPstZFEA1XKT25xWK5E5rl3LeZ7gAhowaXQ9ajLNkQF9BFONsyNzdFd+qn0elG5ORDH24yqYlpxmR8uEi+YrRAgqLWF+0w== rsa-key-20170925",
                            "metadata.user_data": "IyEvYmluL2Jhc2gKCmNkIH5vcGMKCmN1cmwgaHR0cHM6Ly9yYXcuZ2l0aHVidXNlcmNvbnRlbnQuY29tL3N5c2dhaW4vb2NpLXRlcnJhZm9ybS10ZW1wbGF0ZXMvZGF0YXN0YXgtY3VzdG9tL3VzZXJkYXRhL2xjbV9vcHNjZW50ZXIuc2ggPiBsY21fb3BzY2VudGVyLnNoCgpjaG1vZCAreCBsY21fb3BzY2VudGVyLnNoCgoKLi9sY21fb3BzY2VudGVyLnNoIEp1bXBTdGFydCBvcGMgZGF0YXN0YXhAb3JhY2xlLmNvbSBBc2hwYXNzd29yZDEyMwo=",
                            "private_ip": "10.0.0.2",
                            "public_ip": "129.213.45.95",
                            "region": "iad",
                            "shape": "VM.Standard1.8",
                            "state": "RUNNING",
                            "subnet_id": "ocid1.subnet.oc1.iad.aaaaaaaa66b2p2bf25vk5fcranochjqfigbbfmklptphefiwjg6k2p3ljkfq",
                            "time_created": "2017-09-26 06:40:14.62 +0000 UTC"
                        },
                        "meta": {
                            "e2bfb730-ecaa-11e6-8f88-34363bc7c4c0": {
                                "create": 7200000000000,
                                "delete": 7200000000000,
                                "update": 7200000000000
                            }
                        },
                        "tainted": false
                    },
                    "deposed": [],
                    "provider": ""
                },
                "oci_core_internet_gateway.DataStax_IG": {
                    "type": "oci_core_internet_gateway",
                    "depends_on": [
                        "oci_core_virtual_network.DataStax_VCN"
                    ],
                    "primary": {
                        "id": "ocid1.internetgateway.oc1.iad.aaaaaaaabisdfnm6cl4vtiwj2lv2f4avmkb22tunzwzmdixvivyrritiddta",
                        "attributes": {
                            "compartment_id": "ocid1.compartment.oc1..aaaaaaaakk5sqjfys5l2a24v5iucppxl5u56sgty6lta75hsv5ef563euhxq",
                            "display_name": "DataStax_IG",
                            "enabled": "true",
                            "id": "ocid1.internetgateway.oc1.iad.aaaaaaaabisdfnm6cl4vtiwj2lv2f4avmkb22tunzwzmdixvivyrritiddta",
                            "state": "AVAILABLE",
                            "time_created": "2017-09-25 11:43:42.113 +0000 UTC",
                            "time_modified": "0001-01-01 00:00:00 +0000 UTC",
                            "vcn_id": "ocid1.vcn.oc1.iad.aaaaaaaawnwm5rwtbrxmvp4exe5mswwywzy6hk27ep3mhwplhhdgrj2gc74a"
                        },
                        "meta": {
                            "e2bfb730-ecaa-11e6-8f88-34363bc7c4c0": {
                                "create": 300000000000,
                                "delete": 300000000000,
                                "update": 300000000000
                            }
                        },
                        "tainted": false
                    },
                    "deposed": [],
                    "provider": ""
                },
                "oci_core_route_table.DataStax_RT": {
                    "type": "oci_core_route_table",
                    "depends_on": [
                        "oci_core_internet_gateway.DataStax_IG",
                        "oci_core_virtual_network.DataStax_VCN"
                    ],
                    "primary": {
                        "id": "ocid1.routetable.oc1.iad.aaaaaaaasvhe53gt67v4talq2ltzmwyj2wpjkokxj7rhmltcua4wdma2opuq",
                        "attributes": {
                            "compartment_id": "ocid1.compartment.oc1..aaaaaaaakk5sqjfys5l2a24v5iucppxl5u56sgty6lta75hsv5ef563euhxq",
                            "display_name": "DataStax_RT",
                            "id": "ocid1.routetable.oc1.iad.aaaaaaaasvhe53gt67v4talq2ltzmwyj2wpjkokxj7rhmltcua4wdma2opuq",
                            "route_rules.#": "1",
                            "route_rules.0.cidr_block": "0.0.0.0/0",
                            "route_rules.0.network_entity_id": "ocid1.internetgateway.oc1.iad.aaaaaaaabisdfnm6cl4vtiwj2lv2f4avmkb22tunzwzmdixvivyrritiddta",
                            "state": "AVAILABLE",
                            "time_created": "2017-09-25 11:43:43.207 +0000 UTC",
                            "time_modified": "0001-01-01 00:00:00 +0000 UTC",
                            "vcn_id": "ocid1.vcn.oc1.iad.aaaaaaaawnwm5rwtbrxmvp4exe5mswwywzy6hk27ep3mhwplhhdgrj2gc74a"
                        },
                        "meta": {
                            "e2bfb730-ecaa-11e6-8f88-34363bc7c4c0": {
                                "create": 300000000000,
                                "delete": 300000000000,
                                "update": 300000000000
                            }
                        },
                        "tainted": false
                    },
                    "deposed": [],
                    "provider": ""
                },
                "oci_core_security_list.DataStax_PublicSubnet": {
                    "type": "oci_core_security_list",
                    "depends_on": [
                        "oci_core_virtual_network.DataStax_VCN"
                    ],
                    "primary": {
                        "id": "ocid1.securitylist.oc1.iad.aaaaaaaakfctsuss2clri5metpydtknqkhc72sfl2xovwphtei466zffccza",
                        "attributes": {
                            "compartment_id": "ocid1.compartment.oc1..aaaaaaaakk5sqjfys5l2a24v5iucppxl5u56sgty6lta75hsv5ef563euhxq",
                            "display_name": "DataStax_PublicSubnet",
                            "egress_security_rules.#": "1",
                            "egress_security_rules.0.destination": "0.0.0.0/0",
                            "egress_security_rules.0.icmp_options.#": "0",
                            "egress_security_rules.0.protocol": "6",
                            "egress_security_rules.0.stateless": "false",
                            "egress_security_rules.0.tcp_options.#": "0",
                            "egress_security_rules.0.udp_options.#": "0",
                            "id": "ocid1.securitylist.oc1.iad.aaaaaaaakfctsuss2clri5metpydtknqkhc72sfl2xovwphtei466zffccza",
                            "ingress_security_rules.#": "21",
                            "ingress_security_rules.0.icmp_options.#": "1",
                            "ingress_security_rules.0.icmp_options.0.code": "4",
                            "ingress_security_rules.0.icmp_options.0.type": "3",
                            "ingress_security_rules.0.protocol": "1",
                            "ingress_security_rules.0.source": "0.0.0.0/0",
                            "ingress_security_rules.0.stateless": "false",
                            "ingress_security_rules.0.tcp_options.#": "0",
                            "ingress_security_rules.0.udp_options.#": "0",
                            "ingress_security_rules.1.icmp_options.#": "1",
                            "ingress_security_rules.1.icmp_options.0.code": "0",
                            "ingress_security_rules.1.icmp_options.0.type": "3",
                            "ingress_security_rules.1.protocol": "1",
                            "ingress_security_rules.1.source": "10.0.0.0/16",
                            "ingress_security_rules.1.stateless": "false",
                            "ingress_security_rules.1.tcp_options.#": "0",
                            "ingress_security_rules.1.udp_options.#": "0",
                            "ingress_security_rules.10.icmp_options.#": "0",
                            "ingress_security_rules.10.protocol": "6",
                            "ingress_security_rules.10.source": "0.0.0.0/0",
                            "ingress_security_rules.10.stateless": "false",
                            "ingress_security_rules.10.tcp_options.#": "1",
                            "ingress_security_rules.10.tcp_options.0.max": "9160",
                            "ingress_security_rules.10.tcp_options.0.min": "9160",
                            "ingress_security_rules.10.udp_options.#": "0",
                            "ingress_security_rules.11.icmp_options.#": "0",
                            "ingress_security_rules.11.protocol": "6",
                            "ingress_security_rules.11.source": "0.0.0.0/0",
                            "ingress_security_rules.11.stateless": "false",
                            "ingress_security_rules.11.tcp_options.#": "1",
                            "ingress_security_rules.11.tcp_options.0.max": "8983",
                            "ingress_security_rules.11.tcp_options.0.min": "8983",
                            "ingress_security_rules.11.udp_options.#": "0",
                            "ingress_security_rules.12.icmp_options.#": "0",
                            "ingress_security_rules.12.protocol": "6",
                            "ingress_security_rules.12.source": "0.0.0.0/0",
                            "ingress_security_rules.12.stateless": "false",
                            "ingress_security_rules.12.tcp_options.#": "1",
                            "ingress_security_rules.12.tcp_options.0.max": "8609",
                            "ingress_security_rules.12.tcp_options.0.min": "8609",
                            "ingress_security_rules.12.udp_options.#": "0",
                            "ingress_security_rules.13.icmp_options.#": "0",
                            "ingress_security_rules.13.protocol": "6",
                            "ingress_security_rules.13.source": "0.0.0.0/0",
                            "ingress_security_rules.13.stateless": "false",
                            "ingress_security_rules.13.tcp_options.#": "1",
                            "ingress_security_rules.13.tcp_options.0.max": "7077",
                            "ingress_security_rules.13.tcp_options.0.min": "7077",
                            "ingress_security_rules.13.udp_options.#": "0",
                            "ingress_security_rules.14.icmp_options.#": "0",
                            "ingress_security_rules.14.protocol": "6",
                            "ingress_security_rules.14.source": "0.0.0.0/0",
                            "ingress_security_rules.14.stateless": "false",
                            "ingress_security_rules.14.tcp_options.#": "1",
                            "ingress_security_rules.14.tcp_options.0.max": "7081",
                            "ingress_security_rules.14.tcp_options.0.min": "7080",
                            "ingress_security_rules.14.udp_options.#": "0",
                            "ingress_security_rules.15.icmp_options.#": "0",
                            "ingress_security_rules.15.protocol": "6",
                            "ingress_security_rules.15.source": "0.0.0.0/0",
                            "ingress_security_rules.15.stateless": "false",
                            "ingress_security_rules.15.tcp_options.#": "1",
                            "ingress_security_rules.15.tcp_options.0.max": "8182",
                            "ingress_security_rules.15.tcp_options.0.min": "8182",
                            "ingress_security_rules.15.udp_options.#": "0",
                            "ingress_security_rules.16.icmp_options.#": "0",
                            "ingress_security_rules.16.protocol": "6",
                            "ingress_security_rules.16.source": "0.0.0.0/0",
                            "ingress_security_rules.16.stateless": "false",
                            "ingress_security_rules.16.tcp_options.#": "1",
                            "ingress_security_rules.16.tcp_options.0.max": "5599",
                            "ingress_security_rules.16.tcp_options.0.min": "5598",
                            "ingress_security_rules.16.udp_options.#": "0",
                            "ingress_security_rules.17.icmp_options.#": "0",
                            "ingress_security_rules.17.protocol": "6",
                            "ingress_security_rules.17.source": "0.0.0.0/0",
                            "ingress_security_rules.17.stateless": "false",
                            "ingress_security_rules.17.tcp_options.#": "1",
                            "ingress_security_rules.17.tcp_options.0.max": "4040",
                            "ingress_security_rules.17.tcp_options.0.min": "4040",
                            "ingress_security_rules.17.udp_options.#": "0",
                            "ingress_security_rules.18.icmp_options.#": "0",
                            "ingress_security_rules.18.protocol": "6",
                            "ingress_security_rules.18.source": "0.0.0.0/0",
                            "ingress_security_rules.18.stateless": "false",
                            "ingress_security_rules.18.tcp_options.#": "1",
                            "ingress_security_rules.18.tcp_options.0.max": "8090",
                            "ingress_security_rules.18.tcp_options.0.min": "8090",
                            "ingress_security_rules.18.udp_options.#": "0",
                            "ingress_security_rules.19.icmp_options.#": "0",
                            "ingress_security_rules.19.protocol": "6",
                            "ingress_security_rules.19.source": "0.0.0.0/0",
                            "ingress_security_rules.19.stateless": "false",
                            "ingress_security_rules.19.tcp_options.#": "1",
                            "ingress_security_rules.19.tcp_options.0.max": "9999",
                            "ingress_security_rules.19.tcp_options.0.min": "9999",
                            "ingress_security_rules.19.udp_options.#": "0",
                            "ingress_security_rules.2.icmp_options.#": "0",
                            "ingress_security_rules.2.protocol": "6",
                            "ingress_security_rules.2.source": "0.0.0.0/0",
                            "ingress_security_rules.2.stateless": "false",
                            "ingress_security_rules.2.tcp_options.#": "1",
                            "ingress_security_rules.2.tcp_options.0.max": "22",
                            "ingress_security_rules.2.tcp_options.0.min": "22",
                            "ingress_security_rules.2.udp_options.#": "0",
                            "ingress_security_rules.20.icmp_options.#": "0",
                            "ingress_security_rules.20.protocol": "6",
                            "ingress_security_rules.20.source": "0.0.0.0/0",
                            "ingress_security_rules.20.stateless": "false",
                            "ingress_security_rules.20.tcp_options.#": "1",
                            "ingress_security_rules.20.tcp_options.0.max": "61621",
                            "ingress_security_rules.20.tcp_options.0.min": "61620",
                            "ingress_security_rules.20.udp_options.#": "0",
                            "ingress_security_rules.3.icmp_options.#": "0",
                            "ingress_security_rules.3.protocol": "6",
                            "ingress_security_rules.3.source": "0.0.0.0/0",
                            "ingress_security_rules.3.stateless": "false",
                            "ingress_security_rules.3.tcp_options.#": "1",
                            "ingress_security_rules.3.tcp_options.0.max": "443",
                            "ingress_security_rules.3.tcp_options.0.min": "443",
                            "ingress_security_rules.3.udp_options.#": "0",
                            "ingress_security_rules.4.icmp_options.#": "0",
                            "ingress_security_rules.4.protocol": "6",
                            "ingress_security_rules.4.source": "0.0.0.0/0",
                            "ingress_security_rules.4.stateless": "false",
                            "ingress_security_rules.4.tcp_options.#": "1",
                            "ingress_security_rules.4.tcp_options.0.max": "7001",
                            "ingress_security_rules.4.tcp_options.0.min": "7000",
                            "ingress_security_rules.4.udp_options.#": "0",
                            "ingress_security_rules.5.icmp_options.#": "0",
                            "ingress_security_rules.5.protocol": "6",
                            "ingress_security_rules.5.source": "0.0.0.0/0",
                            "ingress_security_rules.5.stateless": "false",
                            "ingress_security_rules.5.tcp_options.#": "1",
                            "ingress_security_rules.5.tcp_options.0.max": "7199",
                            "ingress_security_rules.5.tcp_options.0.min": "7199",
                            "ingress_security_rules.5.udp_options.#": "0",
                            "ingress_security_rules.6.icmp_options.#": "0",
                            "ingress_security_rules.6.protocol": "6",
                            "ingress_security_rules.6.source": "0.0.0.0/0",
                            "ingress_security_rules.6.stateless": "false",
                            "ingress_security_rules.6.tcp_options.#": "1",
                            "ingress_security_rules.6.tcp_options.0.max": "8443",
                            "ingress_security_rules.6.tcp_options.0.min": "8443",
                            "ingress_security_rules.6.udp_options.#": "0",
                            "ingress_security_rules.7.icmp_options.#": "0",
                            "ingress_security_rules.7.protocol": "6",
                            "ingress_security_rules.7.source": "0.0.0.0/0",
                            "ingress_security_rules.7.stateless": "false",
                            "ingress_security_rules.7.tcp_options.#": "1",
                            "ingress_security_rules.7.tcp_options.0.max": "8888",
                            "ingress_security_rules.7.tcp_options.0.min": "8888",
                            "ingress_security_rules.7.udp_options.#": "0",
                            "ingress_security_rules.8.icmp_options.#": "0",
                            "ingress_security_rules.8.protocol": "6",
                            "ingress_security_rules.8.source": "0.0.0.0/0",
                            "ingress_security_rules.8.stateless": "false",
                            "ingress_security_rules.8.tcp_options.#": "1",
                            "ingress_security_rules.8.tcp_options.0.max": "9091",
                            "ingress_security_rules.8.tcp_options.0.min": "9091",
                            "ingress_security_rules.8.udp_options.#": "0",
                            "ingress_security_rules.9.icmp_options.#": "0",
                            "ingress_security_rules.9.protocol": "6",
                            "ingress_security_rules.9.source": "0.0.0.0/0",
                            "ingress_security_rules.9.stateless": "false",
                            "ingress_security_rules.9.tcp_options.#": "1",
                            "ingress_security_rules.9.tcp_options.0.max": "9042",
                            "ingress_security_rules.9.tcp_options.0.min": "9042",
                            "ingress_security_rules.9.udp_options.#": "0",
                            "state": "AVAILABLE",
                            "time_created": "2017-09-25 11:43:42.388 +0000 UTC",
                            "vcn_id": "ocid1.vcn.oc1.iad.aaaaaaaawnwm5rwtbrxmvp4exe5mswwywzy6hk27ep3mhwplhhdgrj2gc74a"
                        },
                        "meta": {
                            "e2bfb730-ecaa-11e6-8f88-34363bc7c4c0": {
                                "create": 300000000000,
                                "delete": 300000000000,
                                "update": 300000000000
                            }
                        },
                        "tainted": false
                    },
                    "deposed": [],
                    "provider": ""
                },
                "oci_core_subnet.DataStax_PublicSubnet_AD.0": {
                    "type": "oci_core_subnet",
                    "depends_on": [
                        "data.oci_identity_availability_domains.ADs",
                        "oci_core_route_table.DataStax_RT",
                        "oci_core_security_list.DataStax_PublicSubnet",
                        "oci_core_virtual_network.DataStax_VCN"
                    ],
                    "primary": {
                        "id": "ocid1.subnet.oc1.iad.aaaaaaaa66b2p2bf25vk5fcranochjqfigbbfmklptphefiwjg6k2p3ljkfq",
                        "attributes": {
                            "availability_domain": "NZrt:US-ASHBURN-AD-1",
                            "cidr_block": "10.0.0.0/24",
                            "compartment_id": "ocid1.compartment.oc1..aaaaaaaakk5sqjfys5l2a24v5iucppxl5u56sgty6lta75hsv5ef563euhxq",
                            "dhcp_options_id": "ocid1.dhcpoptions.oc1.iad.aaaaaaaa6yidazq2gsr2ixyvgchc5icsyxgulwjjst25o63rxhg53gesk5oq",
                            "display_name": "PublicSubnetAD-0",
                            "dns_label": "",
                            "id": "ocid1.subnet.oc1.iad.aaaaaaaa66b2p2bf25vk5fcranochjqfigbbfmklptphefiwjg6k2p3ljkfq",
                            "prohibit_public_ip_on_vnic": "false",
                            "route_table_id": "ocid1.routetable.oc1.iad.aaaaaaaasvhe53gt67v4talq2ltzmwyj2wpjkokxj7rhmltcua4wdma2opuq",
                            "security_list_ids.#": "1",
                            "security_list_ids.392334784": "ocid1.securitylist.oc1.iad.aaaaaaaakfctsuss2clri5metpydtknqkhc72sfl2xovwphtei466zffccza",
                            "state": "AVAILABLE",
                            "time_created": "2017-09-26 06:39:44.808 +0000 UTC",
                            "vcn_id": "ocid1.vcn.oc1.iad.aaaaaaaawnwm5rwtbrxmvp4exe5mswwywzy6hk27ep3mhwplhhdgrj2gc74a",
                            "virtual_router_ip": "10.0.0.1",
                            "virtual_router_mac": "00:00:17:B7:CC:87"
                        },
                        "meta": {
                            "e2bfb730-ecaa-11e6-8f88-34363bc7c4c0": {
                                "create": 300000000000,
                                "delete": 300000000000,
                                "update": 300000000000
                            }
                        },
                        "tainted": false
                    },
                    "deposed": [],
                    "provider": ""
                },
                "oci_core_subnet.DataStax_PublicSubnet_AD.1": {
                    "type": "oci_core_subnet",
                    "depends_on": [
                        "data.oci_identity_availability_domains.ADs",
                        "oci_core_route_table.DataStax_RT",
                        "oci_core_security_list.DataStax_PublicSubnet",
                        "oci_core_virtual_network.DataStax_VCN"
                    ],
                    "primary": {
                        "id": "ocid1.subnet.oc1.iad.aaaaaaaao32oeavrqmpg2r5qdvqc4opovy4cqcoaeyk2q7puk5qmabrpllga",
                        "attributes": {
                            "availability_domain": "NZrt:US-ASHBURN-AD-2",
                            "cidr_block": "10.0.1.0/24",
                            "compartment_id": "ocid1.compartment.oc1..aaaaaaaakk5sqjfys5l2a24v5iucppxl5u56sgty6lta75hsv5ef563euhxq",
                            "dhcp_options_id": "ocid1.dhcpoptions.oc1.iad.aaaaaaaa6yidazq2gsr2ixyvgchc5icsyxgulwjjst25o63rxhg53gesk5oq",
                            "display_name": "PublicSubnetAD-1",
                            "dns_label": "",
                            "id": "ocid1.subnet.oc1.iad.aaaaaaaao32oeavrqmpg2r5qdvqc4opovy4cqcoaeyk2q7puk5qmabrpllga",
                            "prohibit_public_ip_on_vnic": "false",
                            "route_table_id": "ocid1.routetable.oc1.iad.aaaaaaaasvhe53gt67v4talq2ltzmwyj2wpjkokxj7rhmltcua4wdma2opuq",
                            "security_list_ids.#": "1",
                            "security_list_ids.392334784": "ocid1.securitylist.oc1.iad.aaaaaaaakfctsuss2clri5metpydtknqkhc72sfl2xovwphtei466zffccza",
                            "state": "AVAILABLE",
                            "time_created": "2017-09-26 06:39:44.403 +0000 UTC",
                            "vcn_id": "ocid1.vcn.oc1.iad.aaaaaaaawnwm5rwtbrxmvp4exe5mswwywzy6hk27ep3mhwplhhdgrj2gc74a",
                            "virtual_router_ip": "10.0.1.1",
                            "virtual_router_mac": "00:00:17:B7:CC:87"
                        },
                        "meta": {
                            "e2bfb730-ecaa-11e6-8f88-34363bc7c4c0": {
                                "create": 300000000000,
                                "delete": 300000000000,
                                "update": 300000000000
                            }
                        },
                        "tainted": false
                    },
                    "deposed": [],
                    "provider": ""
                },
                "oci_core_subnet.DataStax_PublicSubnet_AD.2": {
                    "type": "oci_core_subnet",
                    "depends_on": [
                        "data.oci_identity_availability_domains.ADs",
                        "oci_core_route_table.DataStax_RT",
                        "oci_core_security_list.DataStax_PublicSubnet",
                        "oci_core_virtual_network.DataStax_VCN"
                    ],
                    "primary": {
                        "id": "ocid1.subnet.oc1.iad.aaaaaaaaivvgyidjthevsqle2z6pfzwd46rk5gib5ncvfdjz35tnkeky73ca",
                        "attributes": {
                            "availability_domain": "NZrt:US-ASHBURN-AD-3",
                            "cidr_block": "10.0.2.0/24",
                            "compartment_id": "ocid1.compartment.oc1..aaaaaaaakk5sqjfys5l2a24v5iucppxl5u56sgty6lta75hsv5ef563euhxq",
                            "dhcp_options_id": "ocid1.dhcpoptions.oc1.iad.aaaaaaaa6yidazq2gsr2ixyvgchc5icsyxgulwjjst25o63rxhg53gesk5oq",
                            "display_name": "PublicSubnetAD-2",
                            "dns_label": "",
                            "id": "ocid1.subnet.oc1.iad.aaaaaaaaivvgyidjthevsqle2z6pfzwd46rk5gib5ncvfdjz35tnkeky73ca",
                            "prohibit_public_ip_on_vnic": "false",
                            "route_table_id": "ocid1.routetable.oc1.iad.aaaaaaaasvhe53gt67v4talq2ltzmwyj2wpjkokxj7rhmltcua4wdma2opuq",
                            "security_list_ids.#": "1",
                            "security_list_ids.392334784": "ocid1.securitylist.oc1.iad.aaaaaaaakfctsuss2clri5metpydtknqkhc72sfl2xovwphtei466zffccza",
                            "state": "AVAILABLE",
                            "time_created": "2017-09-25 11:43:58.928 +0000 UTC",
                            "vcn_id": "ocid1.vcn.oc1.iad.aaaaaaaawnwm5rwtbrxmvp4exe5mswwywzy6hk27ep3mhwplhhdgrj2gc74a",
                            "virtual_router_ip": "10.0.2.1",
                            "virtual_router_mac": "00:00:17:B7:CC:87"
                        },
                        "meta": {
                            "e2bfb730-ecaa-11e6-8f88-34363bc7c4c0": {
                                "create": 300000000000,
                                "delete": 300000000000,
                                "update": 300000000000
                            }
                        },
                        "tainted": false
                    },
                    "deposed": [],
                    "provider": ""
                },
                "oci_core_virtual_network.DataStax_VCN": {
                    "type": "oci_core_virtual_network",
                    "depends_on": [],
                    "primary": {
                        "id": "ocid1.vcn.oc1.iad.aaaaaaaawnwm5rwtbrxmvp4exe5mswwywzy6hk27ep3mhwplhhdgrj2gc74a",
                        "attributes": {
                            "cidr_block": "10.0.0.0/16",
                            "compartment_id": "ocid1.compartment.oc1..aaaaaaaakk5sqjfys5l2a24v5iucppxl5u56sgty6lta75hsv5ef563euhxq",
                            "default_dhcp_options_id": "ocid1.dhcpoptions.oc1.iad.aaaaaaaa6yidazq2gsr2ixyvgchc5icsyxgulwjjst25o63rxhg53gesk5oq",
                            "default_route_table_id": "ocid1.routetable.oc1.iad.aaaaaaaaz7scpu576mtxxfjeyrxqm7sthfnlggtv45q5tdieegelih2ih73a",
                            "default_security_list_id": "ocid1.securitylist.oc1.iad.aaaaaaaanerdmaqvdqxoxmoyeqxfnox5qmvdc6efvmjnxi4rvgt7tnx2qyna",
                            "display_name": "DataStax_VCN",
                            "dns_label": "",
                            "id": "ocid1.vcn.oc1.iad.aaaaaaaawnwm5rwtbrxmvp4exe5mswwywzy6hk27ep3mhwplhhdgrj2gc74a",
                            "state": "AVAILABLE",
                            "time_created": "2017-09-25 11:43:41.393 +0000 UTC"
                        },
                        "meta": {
                            "e2bfb730-ecaa-11e6-8f88-34363bc7c4c0": {
                                "create": 300000000000,
                                "delete": 300000000000,
                                "update": 300000000000
                            }
                        },
                        "tainted": false
                    },
                    "deposed": [],
                    "provider": ""
                }
            },
            "depends_on": []
        }
    ]
}
